
Microsoft Visual Studio Solution File, Format Version 12.00
# Visual Studio 2013
VisualStudioVersion = 12.0.30723.0
MinimumVisualStudioVersion = 10.0.40219.1
Project("{FAE04EC0-301F-11D3-BF4B-00C04F79EFBC}") = "InspirationBoard", "InspirationBoard\InspirationBoard.csproj", "{14FF78FD-8CE5-4E74-8E63-248BCFDA25F5}"
EndProject
Project("{2150E333-8FDC-42A3-9474-1A3956D46DE8}") = "PublishScripts", "PublishScripts", "{41E8A4A5-C661-4BE6-B4C8-4AD8E758CE73}"
	ProjectSection(SolutionItems) = preProject
		PublishScripts\AzureWebsitePublishModule.psm1 = PublishScripts\AzureWebsitePublishModule.psm1
		PublishScripts\Publish-WebApplicationWebsite.ps1 = PublishScripts\Publish-WebApplicationWebsite.ps1
	EndProjectSection
EndProject
Project("{2150E333-8FDC-42A3-9474-1A3956D46DE8}") = "Configurations", "Configurations", "{982F8302-60B2-4203-9429-23A9EFF27C11}"
	ProjectSection(SolutionItems) = preProject
		PublishScripts\Configurations\InspirationBoard-WAWS-dev.json = PublishScripts\Configurations\InspirationBoard-WAWS-dev.json
	EndProjectSection
EndProject
Global
	GlobalSection(SolutionConfigurationPlatforms) = preSolution
		Debug|Any CPU = Debug|Any CPU
		Release|Any CPU = Release|Any CPU
	EndGlobalSection
	GlobalSection(ProjectConfigurationPlatforms) = postSolution
		{14FF78FD-8CE5-4E74-8E63-248BCFDA25F5}.Debug|Any CPU.ActiveCfg = Debug|Any CPU
		{14FF78FD-8CE5-4E74-8E63-248BCFDA25F5}.Debug|Any CPU.Build.0 = Debug|Any CPU
		{14FF78FD-8CE5-4E74-8E63-248BCFDA25F5}.Release|Any CPU.ActiveCfg = Release|Any CPU
		{14FF78FD-8CE5-4E74-8E63-248BCFDA25F5}.Release|Any CPU.Build.0 = Release|Any CPU
	EndGlobalSection
	GlobalSection(SolutionProperties) = preSolution
		HideSolutionNode = FALSE
	EndGlobalSection
	GlobalSection(NestedProjects) = preSolution
		{982F8302-60B2-4203-9429-23A9EFF27C11} = {41E8A4A5-C661-4BE6-B4C8-4AD8E758CE73}
	EndGlobalSection
EndGlobal
